Microsoft Visual Studio Solution File, Format Version 11.00
# Visual Studio 2008

Project("{7D7EB854-81D8-D525-6662-E33BDB5AC416}") = "UnityChanAnimation", "Assembly-CSharp-vs.csproj", "{8E169AF1-CB1E-7DCA-FE78-6F9D8A3131C2}"
EndProject
Project("{7D7EB854-81D8-D525-6662-E33BDB5AC416}") = "UnityChanAnimation", "Assembly-CSharp-Editor-vs.csproj", "{3DB01B61-4067-8C08-F342-810A1A6314C3}"
EndProject
Global
	GlobalSection(SolutionConfigurationPlatforms) = preSolution
		Debug|Any CPU = Debug|Any CPU
		Release|Any CPU = Release|Any CPU
	EndGlobalSection
	GlobalSection(ProjectConfigurationPlatforms) = postSolution
		{8E169AF1-CB1E-7DCA-FE78-6F9D8A3131C2}.Debug|Any CPU.ActiveCfg = Debug|Any CPU
		{8E169AF1-CB1E-7DCA-FE78-6F9D8A3131C2}.Debug|Any CPU.Build.0 = Debug|Any CPU
		{8E169AF1-CB1E-7DCA-FE78-6F9D8A3131C2}.Release|Any CPU.ActiveCfg = Release|Any CPU
		{8E169AF1-CB1E-7DCA-FE78-6F9D8A3131C2}.Release|Any CPU.Build.0 = Release|Any CPU
		{3DB01B61-4067-8C08-F342-810A1A6314C3}.Debug|Any CPU.ActiveCfg = Debug|Any CPU
		{3DB01B61-4067-8C08-F342-810A1A6314C3}.Debug|Any CPU.Build.0 = Debug|Any CPU
		{3DB01B61-4067-8C08-F342-810A1A6314C3}.Release|Any CPU.ActiveCfg = Release|Any CPU
		{3DB01B61-4067-8C08-F342-810A1A6314C3}.Release|Any CPU.Build.0 = Release|Any CPU
	EndGlobalSection
	GlobalSection(SolutionProperties) = preSolution
		HideSolutionNode = FALSE
	EndGlobalSection
														GlobalSection(MonoDevelopProperties) = preSolution
		StartupItem = Assembly-CSharp.csproj
		Policies = $0
		$0.TextStylePolicy = $1
		$1.inheritsSet = null
		$1.scope = text/x-csharp
		$0.CSharpFormattingPolicy = $2
		$2.inheritsSet = Mono
		$2.inheritsScope = text/x-csharp
		$2.scope = text/x-csharp
		$0.TextStylePolicy = $3
		$3.FileWidth = 120
		$3.TabWidth = 4
		$3.EolMarker = Unix
		$3.inheritsSet = Mono
		$3.inheritsScope = text/plain
		$3.scope = text/plain
	EndGlobalSection

EndGlobal
